
Microsoft Visual Studio Solution File, Format Version 12.00
# Visual Studio Version 16
VisualStudioVersion = 25.0.1705.2
MinimumVisualStudioVersion = 10.0.40219.1
Project("{FAE04EC0-301F-11D3-BF4B-00C04F79EFBC}") = "SingleElevatorProblem", "SingleElevatorProblem\SingleElevatorProblem.csproj", "{F7C02288-3DCF-4CD6-9D14-99E6128CCD5F}"
EndProject
Global
	GlobalSection(SolutionConfigurationPlatforms) = preSolution
		Debug|Any CPU = Debug|Any CPU
		Release|Any CPU = Release|Any CPU
	EndGlobalSection
	GlobalSection(ProjectConfigurationPlatforms) = postSolution
		{F7C02288-3DCF-4CD6-9D14-99E6128CCD5F}.Debug|Any CPU.ActiveCfg = Debug|Any CPU
		{F7C02288-3DCF-4CD6-9D14-99E6128CCD5F}.Debug|Any CPU.Build.0 = Debug|Any CPU
		{F7C02288-3DCF-4CD6-9D14-99E6128CCD5F}.Release|Any CPU.ActiveCfg = Release|Any CPU
		{F7C02288-3DCF-4CD6-9D14-99E6128CCD5F}.Release|Any CPU.Build.0 = Release|Any CPU
	EndGlobalSection
	GlobalSection(SolutionProperties) = preSolution
		HideSolutionNode = FALSE
	EndGlobalSection
	GlobalSection(ExtensibilityGlobals) = postSolution
		SolutionGuid = {45C6CF26-AF8A-4735-A36B-1C3426051DC2}
	EndGlobalSection
EndGlobal
